
Microsoft Visual Studio Solution File, Format Version 12.00
# Visual Studio 15
VisualStudioVersion = 15.0.26730.8
MinimumVisualStudioVersion = 10.0.40219.1
Project("{FAE04EC0-301F-11D3-BF4B-00C04F79EFBC}") = "KuiWithAngularDotnet", "KuiWithAngularDotnet\KuiWithAngularDotnet.csproj", "{73149D32-8F1D-4CB8-B12C-5DA2ACED15CC}"
EndProject
Global
	GlobalSection(SolutionConfigurationPlatforms) = preSolution
		Debug|Any CPU = Debug|Any CPU
		Release|Any CPU = Release|Any CPU
	EndGlobalSection
	GlobalSection(ProjectConfigurationPlatforms) = postSolution
		{73149D32-8F1D-4CB8-B12C-5DA2ACED15CC}.Debug|Any CPU.ActiveCfg = Debug|Any CPU
		{73149D32-8F1D-4CB8-B12C-5DA2ACED15CC}.Debug|Any CPU.Build.0 = Debug|Any CPU
		{73149D32-8F1D-4CB8-B12C-5DA2ACED15CC}.Release|Any CPU.ActiveCfg = Release|Any CPU
		{73149D32-8F1D-4CB8-B12C-5DA2ACED15CC}.Release|Any CPU.Build.0 = Release|Any CPU
	EndGlobalSection
	GlobalSection(SolutionProperties) = preSolution
		HideSolutionNode = FALSE
	EndGlobalSection
	GlobalSection(ExtensibilityGlobals) = postSolution
		SolutionGuid = {7A9F3A27-BDFE-4D11-B4AA-58160E4454FF}
	EndGlobalSection
EndGlobal
